
Microsoft Visual Studio Solution File, Format Version 12.00
# Visual Studio Version 17
VisualStudioVersion = 17.14.36408.4 d17.14
MinimumVisualStudioVersion = 10.0.40219.1
Project("{FAE04EC0-301F-11D3-BF4B-00C04F79EFBC}") = "DndCharacterSimulator", "DndCharacterSimulator\DndCharacterSimulator.csproj", "{E06BE7D0-F8BD-4F85-8091-9C07B75A9FC5}"
EndProject
Global
	GlobalSection(SolutionConfigurationPlatforms) = preSolution
		Debug|Any CPU = Debug|Any CPU
		Release|Any CPU = Release|Any CPU
	EndGlobalSection
	GlobalSection(ProjectConfigurationPlatforms) = postSolution
		{E06BE7D0-F8BD-4F85-8091-9C07B75A9FC5}.Debug|Any CPU.ActiveCfg = Debug|Any CPU
		{E06BE7D0-F8BD-4F85-8091-9C07B75A9FC5}.Debug|Any CPU.Build.0 = Debug|Any CPU
		{E06BE7D0-F8BD-4F85-8091-9C07B75A9FC5}.Release|Any CPU.ActiveCfg = Release|Any CPU
		{E06BE7D0-F8BD-4F85-8091-9C07B75A9FC5}.Release|Any CPU.Build.0 = Release|Any CPU
	EndGlobalSection
	GlobalSection(SolutionProperties) = preSolution
		HideSolutionNode = FALSE
	EndGlobalSection
	GlobalSection(ExtensibilityGlobals) = postSolution
		SolutionGuid = {5E02C478-32D6-477F-8F8F-436B50044065}
	EndGlobalSection
EndGlobal
